
Microsoft Visual Studio Solution File, Format Version 12.00
# Visual Studio Version 17
VisualStudioVersion = 17.1.32210.238
MinimumVisualStudioVersion = 10.0.40219.1
Project("{FAE04EC0-301F-11D3-BF4B-00C04F79EFBC}") = "calc", "calc\calc.csproj", "{06483814-25C5-45A5-A5F2-9C0C2D6AEDEA}"
EndProject
Global
	GlobalSection(SolutionConfigurationPlatforms) = preSolution
		Debug|Any CPU = Debug|Any CPU
		Release|Any CPU = Release|Any CPU
	EndGlobalSection
	GlobalSection(ProjectConfigurationPlatforms) = postSolution
		{06483814-25C5-45A5-A5F2-9C0C2D6AEDEA}.Debug|Any CPU.ActiveCfg = Debug|Any CPU
		{06483814-25C5-45A5-A5F2-9C0C2D6AEDEA}.Debug|Any CPU.Build.0 = Debug|Any CPU
		{06483814-25C5-45A5-A5F2-9C0C2D6AEDEA}.Release|Any CPU.ActiveCfg = Release|Any CPU
		{06483814-25C5-45A5-A5F2-9C0C2D6AEDEA}.Release|Any CPU.Build.0 = Release|Any CPU
	EndGlobalSection
	GlobalSection(SolutionProperties) = preSolution
		HideSolutionNode = FALSE
	EndGlobalSection
	GlobalSection(ExtensibilityGlobals) = postSolution
		SolutionGuid = {F485ED66-249F-457D-99B2-B59FE59E7D4B}
	EndGlobalSection
EndGlobal
