
Microsoft Visual Studio Solution File, Format Version 12.00
# Visual Studio Version 17
VisualStudioVersion = 17.1.32210.238
MinimumVisualStudioVersion = 10.0.40219.1
Project("{FAE04EC0-301F-11D3-BF4B-00C04F79EFBC}") = "DemoProject", "DemoProject\DemoProject.csproj", "{4FE29739-3641-4CE1-A225-A8CF49BD6B14}"
EndProject
Global
	GlobalSection(SolutionConfigurationPlatforms) = preSolution
		Debug|Any CPU = Debug|Any CPU
		Release|Any CPU = Release|Any CPU
	EndGlobalSection
	GlobalSection(ProjectConfigurationPlatforms) = postSolution
		{4FE29739-3641-4CE1-A225-A8CF49BD6B14}.Debug|Any CPU.ActiveCfg = Debug|Any CPU
		{4FE29739-3641-4CE1-A225-A8CF49BD6B14}.Debug|Any CPU.Build.0 = Debug|Any CPU
		{4FE29739-3641-4CE1-A225-A8CF49BD6B14}.Release|Any CPU.ActiveCfg = Release|Any CPU
		{4FE29739-3641-4CE1-A225-A8CF49BD6B14}.Release|Any CPU.Build.0 = Release|Any CPU
	EndGlobalSection
	GlobalSection(SolutionProperties) = preSolution
		HideSolutionNode = FALSE
	EndGlobalSection
	GlobalSection(ExtensibilityGlobals) = postSolution
		SolutionGuid = {24115329-364C-4561-A42A-3FEAB548D66A}
	EndGlobalSection
EndGlobal
